// !$*UTF8*$!
{
	archiveVersion = 1;
	classes = {
	};
	objectVersion = 55;
	objects = {

/* Begin PBXBuildFile section */
		100FA4BE27F2198800F00568 /* NavigationViewController.swift in Sources */ = {isa = PBXBuildFile; fileRef = 100FA4BD27F2198800F00568 /* NavigationViewController.swift */; };
		100FA4C227F22C0900F00568 /* PhotoCell.swift in Sources */ = {isa = PBXBuildFile; fileRef = 100FA4C127F22C0900F00568 /* PhotoCell.swift */; };
		10AFE8EA27F24586006DDD9C /* PhotoViewController.swift in Sources */ = {isa = PBXBuildFile; fileRef = 10AFE8E927F24586006DDD9C /* PhotoViewController.swift */; };
		10D6EA1927F0CB05004018B4 /* VKDelegate.swift in Sources */ = {isa = PBXBuildFile; fileRef = 10D6EA1827F0CB05004018B4 /* VKDelegate.swift */; };
		10E2F7F927F0DC4E00D8E2B1 /* APIWorker.swift in Sources */ = {isa = PBXBuildFile; fileRef = 10E2F7F827F0DC4E00D8E2B1 /* APIWorker.swift */; };
		10E2F7FC27F0EB1300D8E2B1 /* PhotosCollectionViewController.swift in Sources */ = {isa = PBXBuildFile; fileRef = 10E2F7FB27F0EB1300D8E2B1 /* PhotosCollectionViewController.swift */; };
		10E37F5F27F0C4620044703E /* AppDelegate.swift in Sources */ = {isa = PBXBuildFile; fileRef = 10E37F5E27F0C4620044703E /* AppDelegate.swift */; };
		10E37F6127F0C4620044703E /* SceneDelegate.swift in Sources */ = {isa = PBXBuildFile; fileRef = 10E37F6027F0C4620044703E /* SceneDelegate.swift */; };
		10E37F6327F0C4620044703E /* LoginViewController.swift in Sources */ = {isa = PBXBuildFile; fileRef = 10E37F6227F0C4620044703E /* LoginViewController.swift */; };
		10E37F6627F0C4620044703E /* Main.storyboard in Resources */ = {isa = PBXBuildFile; fileRef = 10E37F6427F0C4620044703E /* Main.storyboard */; };
		10E37F6827F0C4630044703E /* Assets.xcassets in Resources */ = {isa = PBXBuildFile; fileRef = 10E37F6727F0C4630044703E /* Assets.xcassets */; };
		10E37F6B27F0C4630044703E /* LaunchScreen.storyboard in Resources */ = {isa = PBXBuildFile; fileRef = 10E37F6927F0C4630044703E /* LaunchScreen.storyboard */; };
		893967F3F241BD82FC64601C /* Pods_TestAppGallery.framework in Frameworks */ = {isa = PBXBuildFile; fileRef = 035359DB36A10639A6278793 /* Pods_TestAppGallery.framework */; };
/* End PBXBuildFile section */

/* Begin PBXFileReference section */
		035359DB36A10639A6278793 /* Pods_TestAppGallery.framework */ = {isa = PBXFileReference; explicitFileType = wrapper.framework; includeInIndex = 0; path = Pods_TestAppGallery.framework; sourceTree = BUILT_PRODUCTS_DIR; };
		100FA4BD27F2198800F00568 /* NavigationViewController.swift */ = {isa = PBXFileReference; lastKnownFileType = sourcecode.swift; path = NavigationViewController.swift; sourceTree = "<group>"; };
		100FA4C127F22C0900F00568 /* PhotoCell.swift */ = {isa = PBXFileReference; lastKnownFileType = sourcecode.swift; path = PhotoCell.swift; sourceTree = "<group>"; };
		10AFE8E927F24586006DDD9C /* PhotoViewController.swift */ = {isa = PBXFileReference; lastKnownFileType = sourcecode.swift; path = PhotoViewController.swift; sourceTree = "<group>"; };
		10D6EA1827F0CB05004018B4 /* VKDelegate.swift */ = {isa = PBXFileReference; lastKnownFileType = sourcecode.swift; path = VKDelegate.swift; sourceTree = "<group>"; };
		10E2F7F827F0DC4E00D8E2B1 /* APIWorker.swift */ = {isa = PBXFileReference; lastKnownFileType = sourcecode.swift; path = APIWorker.swift; sourceTree = "<group>"; };
		10E2F7FB27F0EB1300D8E2B1 /* PhotosCollectionViewController.swift */ = {isa = PBXFileReference; lastKnownFileType = sourcecode.swift; path = PhotosCollectionViewController.swift; sourceTree = "<group>"; };
		10E37F5B27F0C4620044703E /* TestAppGallery.app */ = {isa = PBXFileReference; explicitFileType = wrapper.application; includeInIndex = 0; path = TestAppGallery.app; sourceTree = BUILT_PRODUCTS_DIR; };
		10E37F5E27F0C4620044703E /* AppDelegate.swift */ = {isa = PBXFileReference; lastKnownFileType = sourcecode.swift; path = AppDelegate.swift; sourceTree = "<group>"; };
		10E37F6027F0C4620044703E /* SceneDelegate.swift */ = {isa = PBXFileReference; lastKnownFileType = sourcecode.swift; path = SceneDelegate.swift; sourceTree = "<group>"; };
		10E37F6227F0C4620044703E /* LoginViewController.swift */ = {isa = PBXFileReference; lastKnownFileType = sourcecode.swift; path = LoginViewController.swift; sourceTree = "<group>"; };
		10E37F6527F0C4620044703E /* Base */ = {isa = PBXFileReference; lastKnownFileType = file.storyboard; name = Base; path = Base.lproj/Main.storyboard; sourceTree = "<group>"; };
		10E37F6727F0C4630044703E /* Assets.xcassets */ = {isa = PBXFileReference; lastKnownFileType = folder.assetcatalog; path = Assets.xcassets; sourceTree = "<group>"; };
		10E37F6A27F0C4630044703E /* Base */ = {isa = PBXFileReference; lastKnownFileType = file.storyboard; name = Base; path = Base.lproj/LaunchScreen.storyboard; sourceTree = "<group>"; };
		10E37F6C27F0C4630044703E /* Info.plist */ = {isa = PBXFileReference; lastKnownFileType = text.plist.xml; path = Info.plist; sourceTree = "<group>"; };
		1B576588B46AD366CAA51DCC /* Pods-TestAppGallery.release.xcconfig */ = {isa = PBXFileReference; includeInIndex = 1; lastKnownFileType = text.xcconfig; name = "Pods-TestAppGallery.release.xcconfig"; path = "Target Support Files/Pods-TestAppGallery/Pods-TestAppGallery.release.xcconfig"; sourceTree = "<group>"; };
		4FC500C7DC9CAA2F221ABDF8 /* Pods-TestAppGallery.debug.xcconfig */ = {isa = PBXFileReference; includeInIndex = 1; lastKnownFileType = text.xcconfig; name = "Pods-TestAppGallery.debug.xcconfig"; path = "Target Support Files/Pods-TestAppGallery/Pods-TestAppGallery.debug.xcconfig"; sourceTree = "<group>"; };
/* End PBXFileReference section */

/* Begin PBXFrameworksBuildPhase section */
		10E37F5827F0C4620044703E /* Frameworks */ = {
			isa = PBXFrameworksBuildPhase;
			buildActionMask = 2147483647;
			files = (
				893967F3F241BD82FC64601C /* Pods_TestAppGallery.framework in Frameworks */,
			);
			runOnlyForDeploymentPostprocessing = 0;
		};
/* End PBXFrameworksBuildPhase section */

/* Begin PBXGroup section */
		100FA4C027F2236600F00568 /* Delegates */ = {
			isa = PBXGroup;
			children = (
				10E37F5E27F0C4620044703E /* AppDelegate.swift */,
				10E37F6027F0C4620044703E /* SceneDelegate.swift */,
			);
			path = Delegates;
			sourceTree = "<group>";
		};
		10E37F5227F0C4620044703E = {
			isa = PBXGroup;
			children = (
				10E37F5D27F0C4620044703E /* TestAppGallery */,
				10E37F5C27F0C4620044703E /* Products */,
				82A764A0E67C711625C932C2 /* Pods */,
				A1BE55F26D4FADE484BDC81D /* Frameworks */,
			);
			sourceTree = "<group>";
		};
		10E37F5C27F0C4620044703E /* Products */ = {
			isa = PBXGroup;
			children = (
				10E37F5B27F0C4620044703E /* TestAppGallery.app */,
			);
			name = Products;
			sourceTree = "<group>";
		};
		10E37F5D27F0C4620044703E /* TestAppGallery */ = {
			isa = PBXGroup;
			children = (
				100FA4C027F2236600F00568 /* Delegates */,
				10E37F6227F0C4620044703E /* LoginViewController.swift */,
				10EAA3ED27F2574F00BB3874 /* Photo Gallery */,
				10EAA3EE27F2577500BB3874 /* Photo Details */,
				10E37F6427F0C4620044703E /* Main.storyboard */,
				10E37F6927F0C4630044703E /* LaunchScreen.storyboard */,
				10E37F6727F0C4630044703E /* Assets.xcassets */,
				10E37F6C27F0C4630044703E /* Info.plist */,
				10D6EA1827F0CB05004018B4 /* VKDelegate.swift */,
				10E2F7F827F0DC4E00D8E2B1 /* APIWorker.swift */,
			);
			path = TestAppGallery;
			sourceTree = "<group>";
		};
		10EAA3ED27F2574F00BB3874 /* Photo Gallery */ = {
			isa = PBXGroup;
			children = (
				100FA4BD27F2198800F00568 /* NavigationViewController.swift */,
				10E2F7FB27F0EB1300D8E2B1 /* PhotosCollectionViewController.swift */,
				100FA4C127F22C0900F00568 /* PhotoCell.swift */,
			);
			path = "Photo Gallery";
			sourceTree = "<group>";
		};
		10EAA3EE27F2577500BB3874 /* Photo Details */ = {
			isa = PBXGroup;
			children = (
				10AFE8E927F24586006DDD9C /* PhotoViewController.swift */,
			);
			path = "Photo Details";
			sourceTree = "<group>";
		};
		82A764A0E67C711625C932C2 /* Pods */ = {
			isa = PBXGroup;
			children = (
				4FC500C7DC9CAA2F221ABDF8 /* Pods-TestAppGallery.debug.xcconfig */,
				1B576588B46AD366CAA51DCC /* Pods-TestAppGallery.release.xcconfig */,
			);
			path = Pods;
			sourceTree = "<group>";
		};
		A1BE55F26D4FADE484BDC81D /* Frameworks */ = {
			isa = PBXGroup;
			children = (
				035359DB36A10639A6278793 /* Pods_TestAppGallery.framework */,
			);
			name = Frameworks;
			sourceTree = "<group>";
		};
/* End PBXGroup section */

/* Begin PBXNativeTarget section */
		10E37F5A27F0C4620044703E /* TestAppGallery */ = {
			isa = PBXNativeTarget;
			buildConfigurationList = 10E37F6F27F0C4630044703E /* Build configuration list for PBXNativeTarget "TestAppGallery" */;
			buildPhases = (
				F379AC0212AEB39B0B910C59 /* [CP] Check Pods Manifest.lock */,
				10E37F5727F0C4620044703E /* Sources */,
				10E37F5827F0C4620044703E /* Frameworks */,
				10E37F5927F0C4620044703E /* Resources */,
				EFD8A019671F071680AA4642 /* [CP] Embed Pods Frameworks */,
			);
			buildRules = (
			);
			dependencies = (
			);
			name = TestAppGallery;
			productName = TestAppGallery;
			productReference = 10E37F5B27F0C4620044703E /* TestAppGallery.app */;
			productType = "com.apple.product-type.application";
		};
/* End PBXNativeTarget section */

/* Begin PBXProject section */
		10E37F5327F0C4620044703E /* Project object */ = {
			isa = PBXProject;
			attributes = {
				BuildIndependentTargetsInParallel = 1;
				LastSwiftUpdateCheck = 1330;
				LastUpgradeCheck = 1330;
				TargetAttributes = {
					10E37F5A27F0C4620044703E = {
						CreatedOnToolsVersion = 13.3;
					};
				};
			};
			buildConfigurationList = 10E37F5627F0C4620044703E /* Build configuration list for PBXProject "TestAppGallery" */;
			compatibilityVersion = "Xcode 13.0";
			developmentRegion = en;
			hasScannedForEncodings = 0;
			knownRegions = (
				en,
				Base,
			);
			mainGroup = 10E37F5227F0C4620044703E;
			productRefGroup = 10E37F5C27F0C4620044703E /* Products */;
			projectDirPath = "";
			projectRoot = "";
			targets = (
				10E37F5A27F0C4620044703E /* TestAppGallery */,
			);
		};
/* End PBXProject section */

/* Begin PBXResourcesBuildPhase section */
		10E37F5927F0C4620044703E /* Resources */ = {
			isa = PBXResourcesBuildPhase;
			buildActionMask = 2147483647;
			files = (
				10E37F6B27F0C4630044703E /* LaunchScreen.storyboard in Resources */,
				10E37F6827F0C4630044703E /* Assets.xcassets in Resources */,
				10E37F6627F0C4620044703E /* Main.storyboard in Resources */,
			);
			runOnlyForDeploymentPostprocessing = 0;
		};
/* End PBXResourcesBuildPhase section */

/* Begin PBXShellScriptBuildPhase section */
		EFD8A019671F071680AA4642 /* [CP] Embed Pods Frameworks */ = {
			isa = PBXShellScriptBuildPhase;
			buildActionMask = 2147483647;
			files = (
			);
			inputFileListPaths = (
				"${PODS_ROOT}/Target Support Files/Pods-TestAppGallery/Pods-TestAppGallery-frameworks-${CONFIGURATION}-input-files.xcfilelist",
			);
			name = "[CP] Embed Pods Frameworks";
			outputFileListPaths = (
				"${PODS_ROOT}/Target Support Files/Pods-TestAppGallery/Pods-TestAppGallery-frameworks-${CONFIGURATION}-output-files.xcfilelist",
			);
			runOnlyForDeploymentPostprocessing = 0;
			shellPath = /bin/sh;
			shellScript = "\"${PODS_ROOT}/Target Support Files/Pods-TestAppGallery/Pods-TestAppGallery-frameworks.sh\"\n";
			showEnvVarsInLog = 0;
		};
		F379AC0212AEB39B0B910C59 /* [CP] Check Pods Manifest.lock */ = {
			isa = PBXShellScriptBuildPhase;
			buildActionMask = 2147483647;
			files = (
			);
			inputFileListPaths = (
			);
			inputPaths = (
				"${PODS_PODFILE_DIR_PATH}/Podfile.lock",
				"${PODS_ROOT}/Manifest.lock",
			);
			name = "[CP] Check Pods Manifest.lock";
			outputFileListPaths = (
			);
			outputPaths = (
				"$(DERIVED_FILE_DIR)/Pods-TestAppGallery-checkManifestLockResult.txt",
			);
			runOnlyForDeploymentPostprocessing = 0;
			shellPath = /bin/sh;
			shellScript = "diff \"${PODS_PODFILE_DIR_PATH}/Podfile.lock\" \"${PODS_ROOT}/Manifest.lock\" > /dev/null\nif [ $? != 0 ] ; then\n    # print error to STDERR\n    echo \"error: The sandbox is not in sync with the Podfile.lock. Run 'pod install' or update your CocoaPods installation.\" >&2\n    exit 1\nfi\n# This output is used by Xcode 'outputs' to avoid re-running this script phase.\necho \"SUCCESS\" > \"${SCRIPT_OUTPUT_FILE_0}\"\n";
			showEnvVarsInLog = 0;
		};
/* End PBXShellScriptBuildPhase section */

/* Begin PBXSourcesBuildPhase section */
		10E37F5727F0C4620044703E /* Sources */ = {
			isa = PBXSourcesBuildPhase;
			buildActionMask = 2147483647;
			files = (
				10E37F6327F0C4620044703E /* LoginViewController.swift in Sources */,
				10E37F5F27F0C4620044703E /* AppDelegate.swift in Sources */,
				10E37F6127F0C4620044703E /* SceneDelegate.swift in Sources */,
				10E2F7FC27F0EB1300D8E2B1 /* PhotosCollectionViewController.swift in Sources */,
				100FA4C227F22C0900F00568 /* PhotoCell.swift in Sources */,
				10AFE8EA27F24586006DDD9C /* PhotoViewController.swift in Sources */,
				10D6EA1927F0CB05004018B4 /* VKDelegate.swift in Sources */,
				100FA4BE27F2198800F00568 /* NavigationViewController.swift in Sources */,
				10E2F7F927F0DC4E00D8E2B1 /* APIWorker.swift in Sources */,
			);
			runOnlyForDeploymentPostprocessing = 0;
		};
/* End PBXSourcesBuildPhase section */

/* Begin PBXVariantGroup section */
		10E37F6427F0C4620044703E /* Main.storyboard */ = {
			isa = PBXVariantGroup;
			children = (
				10E37F6527F0C4620044703E /* Base */,
			);
			name = Main.storyboard;
			sourceTree = "<group>";
		};
		10E37F6927F0C4630044703E /* LaunchScreen.storyboard */ = {
			isa = PBXVariantGroup;
			children = (
				10E37F6A27F0C4630044703E /* Base */,
			);
			name = LaunchScreen.storyboard;
			sourceTree = "<group>";
		};
/* End PBXVariantGroup section */

/* Begin XCBuildConfiguration section */
		10E37F6D27F0C4630044703E /* Debug */ = {
			isa = XCBuildConfiguration;
			buildSettings = {
				ALWAYS_SEARCH_USER_PATHS = NO;
				CLANG_ANALYZER_NONNULL = YES;
				CLANG_ANALYZER_NUMBER_OBJECT_CONVERSION = YES_AGGRESSIVE;
				CLANG_CXX_LANGUAGE_STANDARD = "gnu++17";
				CLANG_ENABLE_MODULES = YES;
				CLANG_ENABLE_OBJC_ARC = YES;
				CLANG_ENABLE_OBJC_WEAK = YES;
				CLANG_WARN_BLOCK_CAPTURE_AUTORELEASING = YES;
				CLANG_WARN_BOOL_CONVERSION = YES;
				CLANG_WARN_COMMA = YES;
				CLANG_WARN_CONSTANT_CONVERSION = YES;
				CLANG_WARN_DEPRECATED_OBJC_IMPLEMENTATIONS = YES;
				CLANG_WARN_DIRECT_OBJC_ISA_USAGE = YES_ERROR;
				CLANG_WARN_DOCUMENTATION_COMMENTS = YES;
				CLANG_WARN_EMPTY_BODY = YES;
				CLANG_WARN_ENUM_CONVERSION = YES;
				CLANG_WARN_INFINITE_RECURSION = YES;
				CLANG_WARN_INT_CONVERSION = YES;
				CLANG_WARN_NON_LITERAL_NULL_CONVERSION = YES;
				CLANG_WARN_OBJC_IMPLICIT_RETAIN_SELF = YES;
				CLANG_WARN_OBJC_LITERAL_CONVERSION = YES;
				CLANG_WARN_OBJC_ROOT_CLASS = YES_ERROR;
				CLANG_WARN_QUOTED_INCLUDE_IN_FRAMEWORK_HEADER = YES;
				CLANG_WARN_RANGE_LOOP_ANALYSIS = YES;
				CLANG_WARN_STRICT_PROTOTYPES = YES;
				CLANG_WARN_SUSPICIOUS_MOVE = YES;
				CLANG_WARN_UNGUARDED_AVAILABILITY = YES_AGGRESSIVE;
				CLANG_WARN_UNREACHABLE_CODE = YES;
				CLANG_WARN__DUPLICATE_METHOD_MATCH = YES;
				COPY_PHASE_STRIP = NO;
				DEBUG_INFORMATION_FORMAT = dwarf;
				ENABLE_STRICT_OBJC_MSGSEND = YES;
				ENABLE_TESTABILITY = YES;
				GCC_C_LANGUAGE_STANDARD = gnu11;
				GCC_DYNAMIC_NO_PIC = NO;
				GCC_NO_COMMON_BLOCKS = YES;
				GCC_OPTIMIZATION_LEVEL = 0;
				GCC_PREPROCESSOR_DEFINITIONS = (
					"DEBUG=1",
					"$(inherited)",
				);
				GCC_WARN_64_TO_32_BIT_CONVERSION = YES;
				GCC_WARN_ABOUT_RETURN_TYPE = YES_ERROR;
				GCC_WARN_UNDECLARED_SELECTOR = YES;
				GCC_WARN_UNINITIALIZED_AUTOS = YES_AGGRESSIVE;
				GCC_WARN_UNUSED_FUNCTION = YES;
				GCC_WARN_UNUSED_VARIABLE = YES;
				IPHONEOS_DEPLOYMENT_TARGET = 15.4;
				MTL_ENABLE_DEBUG_INFO = INCLUDE_SOURCE;
				MTL_FAST_MATH = YES;
				ONLY_ACTIVE_ARCH = YES;
				SDKROOT = iphoneos;
				SWIFT_ACTIVE_COMPILATION_CONDITIONS = DEBUG;
				SWIFT_OPTIMIZATION_LEVEL = "-Onone";
			};
			name = Debug;
		};
		10E37F6E27F0C4630044703E /* Release */ = {
			isa = XCBuildConfiguration;
			buildSettings = {
				ALWAYS_SEARCH_USER_PATHS = NO;
				CLANG_ANALYZER_NONNULL = YES;
				CLANG_ANALYZER_NUMBER_OBJECT_CONVERSION = YES_AGGRESSIVE;
				CLANG_CXX_LANGUAGE_STANDARD = "gnu++17";
				CLANG_ENABLE_MODULES = YES;
				CLANG_ENABLE_OBJC_ARC = YES;
				CLANG_ENABLE_OBJC_WEAK = YES;
				CLANG_WARN_BLOCK_CAPTURE_AUTORELEASING = YES;
				CLANG_WARN_BOOL_CONVERSION = YES;
				CLANG_WARN_COMMA = YES;
				CLANG_WARN_CONSTANT_CONVERSION = YES;
				CLANG_WARN_DEPRECATED_OBJC_IMPLEMENTATIONS = YES;
				CLANG_WARN_DIRECT_OBJC_ISA_USAGE = YES_ERROR;
				CLANG_WARN_DOCUMENTATION_COMMENTS = YES;
				CLANG_WARN_EMPTY_BODY = YES;
				CLANG_WARN_ENUM_CONVERSION = YES;
				CLANG_WARN_INFINITE_RECURSION = YES;
				CLANG_WARN_INT_CONVERSION = YES;
				CLANG_WARN_NON_LITERAL_NULL_CONVERSION = YES;
				CLANG_WARN_OBJC_IMPLICIT_RETAIN_SELF = YES;
				CLANG_WARN_OBJC_LITERAL_CONVERSION = YES;
				CLANG_WARN_OBJC_ROOT_CLASS = YES_ERROR;
				CLANG_WARN_QUOTED_INCLUDE_IN_FRAMEWORK_HEADER = YES;
				CLANG_WARN_RANGE_LOOP_ANALYSIS = YES;
				CLANG_WARN_STRICT_PROTOTYPES = YES;
				CLANG_WARN_SUSPICIOUS_MOVE = YES;
				CLANG_WARN_UNGUARDED_AVAILABILITY = YES_AGGRESSIVE;
				CLANG_WARN_UNREACHABLE_CODE = YES;
				CLANG_WARN__DUPLICATE_METHOD_MATCH = YES;
				COPY_PHASE_STRIP = NO;
				DEBUG_INFORMATION_FORMAT = "dwarf-with-dsym";
				ENABLE_NS_ASSERTIONS = NO;
				ENABLE_STRICT_OBJC_MSGSEND = YES;
				GCC_C_LANGUAGE_STANDARD = gnu11;
				GCC_NO_COMMON_BLOCKS = YES;
				GCC_WARN_64_TO_32_BIT_CONVERSION = YES;
				GCC_WARN_ABOUT_RETURN_TYPE = YES_ERROR;
				GCC_WARN_UNDECLARED_SELECTOR = YES;
				GCC_WARN_UNINITIALIZED_AUTOS = YES_AGGRESSIVE;
				GCC_WARN_UNUSED_FUNCTION = YES;
				GCC_WARN_UNUSED_VARIABLE = YES;
				IPHONEOS_DEPLOYMENT_TARGET = 15.4;
				MTL_ENABLE_DEBUG_INFO = NO;
				MTL_FAST_MATH = YES;
				SDKROOT = iphoneos;
				SWIFT_COMPILATION_MODE = wholemodule;
				SWIFT_OPTIMIZATION_LEVEL = "-O";
				VALIDATE_PRODUCT = YES;
			};
			name = Release;
		};
		10E37F7027F0C4630044703E /* Debug */ = {
			isa = XCBuildConfiguration;
			baseConfigurationReference = 4FC500C7DC9CAA2F221ABDF8 /* Pods-TestAppGallery.debug.xcconfig */;
			buildSettings = {
				ASSETCATALOG_COMPILER_APPICON_NAME = AppIcon;
				ASSETCATALOG_COMPILER_GLOBAL_ACCENT_COLOR_NAME = AccentColor;
				CODE_SIGN_STYLE = Automatic;
				CURRENT_PROJECT_VERSION = 1;
				DEVELOPMENT_TEAM = QNUP63B2D5;
				GENERATE_INFOPLIST_FILE = YES;
				INFOPLIST_FILE = TestAppGallery/Info.plist;
				INFOPLIST_KEY_UIApplicationSupportsIndirectInputEvents = YES;
				INFOPLIST_KEY_UILaunchStoryboardName = LaunchScreen;
				INFOPLIST_KEY_UIMainStoryboardFile = Main;
				INFOPLIST_KEY_UISupportedInterfaceOrientations_iPad = "UIInterfaceOrientationPortrait UIInterfaceOrientationPortraitUpsideDown UIInterfaceOrientationLandscapeLeft UIInterfaceOrientationLandscapeRight";
				INFOPLIST_KEY_UISupportedInterfaceOrientations_iPhone = "UIInterfaceOrientationPortrait UIInterfaceOrientationLandscapeLeft UIInterfaceOrientationLandscapeRight";
				LD_RUNPATH_SEARCH_PATHS = (
					"$(inherited)",
					"@executable_path/Frameworks",
				);
				MARKETING_VERSION = 1.0;
				PRODUCT_BUNDLE_IDENTIFIER = ollev.TestAppGallery;
				PRODUCT_NAME = "$(TARGET_NAME)";
				SWIFT_EMIT_LOC_STRINGS = YES;
				SWIFT_VERSION = 5.0;
				TARGETED_DEVICE_FAMILY = "1,2";
			};
			name = Debug;
		};
		10E37F7127F0C4630044703E /* Release */ = {
			isa = XCBuildConfiguration;
			baseConfigurationReference = 1B576588B46AD366CAA51DCC /* Pods-TestAppGallery.release.xcconfig */;
			buildSettings = {
				ASSETCATALOG_COMPILER_APPICON_NAME = AppIcon;
				ASSETCATALOG_COMPILER_GLOBAL_ACCENT_COLOR_NAME = AccentColor;
				CODE_SIGN_STYLE = Automatic;
				CURRENT_PROJECT_VERSION = 1;
				DEVELOPMENT_TEAM = QNUP63B2D5;
				GENERATE_INFOPLIST_FILE = YES;
				INFOPLIST_FILE = TestAppGallery/Info.plist;
				INFOPLIST_KEY_UIApplicationSupportsIndirectInputEvents = YES;
				INFOPLIST_KEY_UILaunchStoryboardName = LaunchScreen;
				INFOPLIST_KEY_UIMainStoryboardFile = Main;
				INFOPLIST_KEY_UISupportedInterfaceOrientations_iPad = "UIInterfaceOrientationPortrait UIInterfaceOrientationPortraitUpsideDown UIInterfaceOrientationLandscapeLeft UIInterfaceOrientationLandscapeRight";
				INFOPLIST_KEY_UISupportedInterfaceOrientations_iPhone = "UIInterfaceOrientationPortrait UIInterfaceOrientationLandscapeLeft UIInterfaceOrientationLandscapeRight";
				LD_RUNPATH_SEARCH_PATHS = (
					"$(inherited)",
					"@executable_path/Frameworks",
				);
				MARKETING_VERSION = 1.0;
				PRODUCT_BUNDLE_IDENTIFIER = ollev.TestAppGallery;
				PRODUCT_NAME = "$(TARGET_NAME)";
				SWIFT_EMIT_LOC_STRINGS = YES;
				SWIFT_VERSION = 5.0;
				TARGETED_DEVICE_FAMILY = "1,2";
			};
			name = Release;
		};
/* End XCBuildConfiguration section */

/* Begin XCConfigurationList section */
		10E37F5627F0C4620044703E /* Build configuration list for PBXProject "TestAppGallery" */ = {
			isa = XCConfigurationList;
			buildConfigurations = (
				10E37F6D27F0C4630044703E /* Debug */,
				10E37F6E27F0C4630044703E /* Release */,
			);
			defaultConfigurationIsVisible = 0;
			defaultConfigurationName = Release;
		};
		10E37F6F27F0C4630044703E /* Build configuration list for PBXNativeTarget "TestAppGallery" */ = {
			isa = XCConfigurationList;
			buildConfigurations = (
				10E37F7027F0C4630044703E /* Debug */,
				10E37F7127F0C4630044703E /* Release */,
			);
			defaultConfigurationIsVisible = 0;
			defaultConfigurationName = Release;
		};
/* End XCConfigurationList section */
	};
	rootObject = 10E37F5327F0C4620044703E /* Project object */;
}
